
Microsoft Visual Studio Solution File, Format Version 12.00
# Visual Studio 2012
Project("{FAE04EC0-301F-11D3-BF4B-00C04F79EFBC}") = "Cake.NSpec", "Cake.NSpec\Cake.NSpec.csproj", "{18B5FE6C-9EC2-4D9A-BFF3-96048FB2EE71}"
EndProject
Project("{2150E333-8FDC-42A3-9474-1A3956D46DE8}") = "Cake", "Cake", "{7B211303-4B5C-464D-B8C7-97CFA8C74AEA}"
	ProjectSection(SolutionItems) = preProject
		..\.editorconfig = ..\.editorconfig
		..\.gitignore = ..\.gitignore
		..\build.cake = ..\build.cake
		..\build.ps1 = ..\build.ps1
	EndProjectSection
EndProject
Project("{FAE04EC0-301F-11D3-BF4B-00C04F79EFBC}") = "Cake.NSpec.nspec", "Cake.NSpec.nspec\Cake.NSpec.nspec.csproj", "{31B4251E-7709-4CAF-8C52-5DF060F7ECE2}"
EndProject
Project("{FAE04EC0-301F-11D3-BF4B-00C04F79EFBC}") = "Example.nspec", "Example.nspec\Example.nspec.csproj", "{0394521B-F070-4390-9F6E-3237A51AAB86}"
EndProject
Project("{FAE04EC0-301F-11D3-BF4B-00C04F79EFBC}") = "ExampleTwo", "ExampleTwo\ExampleTwo.csproj", "{D4545153-7393-4261-9990-A04A54E19177}"
EndProject
Project("{FAE04EC0-301F-11D3-BF4B-00C04F79EFBC}") = "Cake.NSpec.Runner", "Cake.NSpec.Runner\Cake.NSpec.Runner.csproj", "{3F9C0976-DE46-4431-B7F4-C6E441D0285F}"
EndProject
Global
	GlobalSection(SolutionConfigurationPlatforms) = preSolution
		Debug|Any CPU = Debug|Any CPU
		Release|Any CPU = Release|Any CPU
	EndGlobalSection
	GlobalSection(ProjectConfigurationPlatforms) = postSolution
		{18B5FE6C-9EC2-4D9A-BFF3-96048FB2EE71}.Debug|Any CPU.ActiveCfg = Debug|Any CPU
		{18B5FE6C-9EC2-4D9A-BFF3-96048FB2EE71}.Debug|Any CPU.Build.0 = Debug|Any CPU
		{18B5FE6C-9EC2-4D9A-BFF3-96048FB2EE71}.Release|Any CPU.ActiveCfg = Release|Any CPU
		{18B5FE6C-9EC2-4D9A-BFF3-96048FB2EE71}.Release|Any CPU.Build.0 = Release|Any CPU
		{31B4251E-7709-4CAF-8C52-5DF060F7ECE2}.Debug|Any CPU.ActiveCfg = Debug|Any CPU
		{31B4251E-7709-4CAF-8C52-5DF060F7ECE2}.Debug|Any CPU.Build.0 = Debug|Any CPU
		{31B4251E-7709-4CAF-8C52-5DF060F7ECE2}.Release|Any CPU.ActiveCfg = Release|Any CPU
		{31B4251E-7709-4CAF-8C52-5DF060F7ECE2}.Release|Any CPU.Build.0 = Release|Any CPU
		{0394521B-F070-4390-9F6E-3237A51AAB86}.Debug|Any CPU.ActiveCfg = Debug|Any CPU
		{0394521B-F070-4390-9F6E-3237A51AAB86}.Debug|Any CPU.Build.0 = Debug|Any CPU
		{0394521B-F070-4390-9F6E-3237A51AAB86}.Release|Any CPU.ActiveCfg = Release|Any CPU
		{0394521B-F070-4390-9F6E-3237A51AAB86}.Release|Any CPU.Build.0 = Release|Any CPU
		{D4545153-7393-4261-9990-A04A54E19177}.Debug|Any CPU.ActiveCfg = Debug|Any CPU
		{D4545153-7393-4261-9990-A04A54E19177}.Debug|Any CPU.Build.0 = Debug|Any CPU
		{D4545153-7393-4261-9990-A04A54E19177}.Release|Any CPU.ActiveCfg = Release|Any CPU
		{D4545153-7393-4261-9990-A04A54E19177}.Release|Any CPU.Build.0 = Release|Any CPU
		{3F9C0976-DE46-4431-B7F4-C6E441D0285F}.Debug|Any CPU.ActiveCfg = Debug|Any CPU
		{3F9C0976-DE46-4431-B7F4-C6E441D0285F}.Debug|Any CPU.Build.0 = Debug|Any CPU
		{3F9C0976-DE46-4431-B7F4-C6E441D0285F}.Release|Any CPU.ActiveCfg = Release|Any CPU
		{3F9C0976-DE46-4431-B7F4-C6E441D0285F}.Release|Any CPU.Build.0 = Release|Any CPU
	EndGlobalSection
EndGlobal
